
Microsoft Visual Studio Solution File, Format Version 12.00
# Visual Studio Version 16
VisualStudioVersion = 16.0.31624.102
MinimumVisualStudioVersion = 10.0.40219.1
Project("{8BC9CEB8-8B4A-11D0-8D11-00A0C91BC942}") = "pr8.1rec", "pr8.1rec\pr8.1rec.vcxproj", "{E221AA61-A369-4F23-9245-C0B4977CC2D9}"
EndProject
Project("{8BC9CEB8-8B4A-11D0-8D11-00A0C91BC942}") = "UnitTest8.1rec", "UnitTest8.1rec\UnitTest8.1rec.vcxproj", "{F1EB4395-000D-46BB-8A16-2247D96740E3}"
EndProject
Global
	GlobalSection(SolutionConfigurationPlatforms) = preSolution
		Debug|x64 = Debug|x64
		Debug|x86 = Debug|x86
		Release|x64 = Release|x64
		Release|x86 = Release|x86
	EndGlobalSection
	GlobalSection(ProjectConfigurationPlatforms) = postSolution
		{E221AA61-A369-4F23-9245-C0B4977CC2D9}.Debug|x64.ActiveCfg = Debug|x64
		{E221AA61-A369-4F23-9245-C0B4977CC2D9}.Debug|x64.Build.0 = Debug|x64
		{E221AA61-A369-4F23-9245-C0B4977CC2D9}.Debug|x86.ActiveCfg = Debug|Win32
		{E221AA61-A369-4F23-9245-C0B4977CC2D9}.Debug|x86.Build.0 = Debug|Win32
		{E221AA61-A369-4F23-9245-C0B4977CC2D9}.Release|x64.ActiveCfg = Release|x64
		{E221AA61-A369-4F23-9245-C0B4977CC2D9}.Release|x64.Build.0 = Release|x64
		{E221AA61-A369-4F23-9245-C0B4977CC2D9}.Release|x86.ActiveCfg = Release|Win32
		{E221AA61-A369-4F23-9245-C0B4977CC2D9}.Release|x86.Build.0 = Release|Win32
		{F1EB4395-000D-46BB-8A16-2247D96740E3}.Debug|x64.ActiveCfg = Debug|x64
		{F1EB4395-000D-46BB-8A16-2247D96740E3}.Debug|x64.Build.0 = Debug|x64
		{F1EB4395-000D-46BB-8A16-2247D96740E3}.Debug|x86.ActiveCfg = Debug|Win32
		{F1EB4395-000D-46BB-8A16-2247D96740E3}.Debug|x86.Build.0 = Debug|Win32
		{F1EB4395-000D-46BB-8A16-2247D96740E3}.Release|x64.ActiveCfg = Release|x64
		{F1EB4395-000D-46BB-8A16-2247D96740E3}.Release|x64.Build.0 = Release|x64
		{F1EB4395-000D-46BB-8A16-2247D96740E3}.Release|x86.ActiveCfg = Release|Win32
		{F1EB4395-000D-46BB-8A16-2247D96740E3}.Release|x86.Build.0 = Release|Win32
	EndGlobalSection
	GlobalSection(SolutionProperties) = preSolution
		HideSolutionNode = FALSE
	EndGlobalSection
	GlobalSection(ExtensibilityGlobals) = postSolution
		SolutionGuid = {B5F31F74-9DB0-4217-98C3-E7B29C5E80CE}
	EndGlobalSection
EndGlobal
