
Microsoft Visual Studio Solution File, Format Version 12.00
# Visual Studio Version 16
VisualStudioVersion = 16.0.31624.102
MinimumVisualStudioVersion = 10.0.40219.1
Project("{8BC9CEB8-8B4A-11D0-8D11-00A0C91BC942}") = "pr.8.1.string", "pr.8.1.string\pr.8.1.string.vcxproj", "{52C697F3-2CC2-4910-8ECE-15233145DBBB}"
EndProject
Project("{8BC9CEB8-8B4A-11D0-8D11-00A0C91BC942}") = "UnitTest8.1.string", "UnitTest8.1.string\UnitTest8.1.string.vcxproj", "{913EC2BA-3886-469E-8722-D851EE257253}"
EndProject
Global
	GlobalSection(SolutionConfigurationPlatforms) = preSolution
		Debug|x64 = Debug|x64
		Debug|x86 = Debug|x86
		Release|x64 = Release|x64
		Release|x86 = Release|x86
	EndGlobalSection
	GlobalSection(ProjectConfigurationPlatforms) = postSolution
		{52C697F3-2CC2-4910-8ECE-15233145DBBB}.Debug|x64.ActiveCfg = Debug|x64
		{52C697F3-2CC2-4910-8ECE-15233145DBBB}.Debug|x64.Build.0 = Debug|x64
		{52C697F3-2CC2-4910-8ECE-15233145DBBB}.Debug|x86.ActiveCfg = Debug|Win32
		{52C697F3-2CC2-4910-8ECE-15233145DBBB}.Debug|x86.Build.0 = Debug|Win32
		{52C697F3-2CC2-4910-8ECE-15233145DBBB}.Release|x64.ActiveCfg = Release|x64
		{52C697F3-2CC2-4910-8ECE-15233145DBBB}.Release|x64.Build.0 = Release|x64
		{52C697F3-2CC2-4910-8ECE-15233145DBBB}.Release|x86.ActiveCfg = Release|Win32
		{52C697F3-2CC2-4910-8ECE-15233145DBBB}.Release|x86.Build.0 = Release|Win32
		{913EC2BA-3886-469E-8722-D851EE257253}.Debug|x64.ActiveCfg = Debug|x64
		{913EC2BA-3886-469E-8722-D851EE257253}.Debug|x64.Build.0 = Debug|x64
		{913EC2BA-3886-469E-8722-D851EE257253}.Debug|x86.ActiveCfg = Debug|Win32
		{913EC2BA-3886-469E-8722-D851EE257253}.Debug|x86.Build.0 = Debug|Win32
		{913EC2BA-3886-469E-8722-D851EE257253}.Release|x64.ActiveCfg = Release|x64
		{913EC2BA-3886-469E-8722-D851EE257253}.Release|x64.Build.0 = Release|x64
		{913EC2BA-3886-469E-8722-D851EE257253}.Release|x86.ActiveCfg = Release|Win32
		{913EC2BA-3886-469E-8722-D851EE257253}.Release|x86.Build.0 = Release|Win32
	EndGlobalSection
	GlobalSection(SolutionProperties) = preSolution
		HideSolutionNode = FALSE
	EndGlobalSection
	GlobalSection(ExtensibilityGlobals) = postSolution
		SolutionGuid = {CBED4529-5CD5-40B8-A9D1-A3F4A3CFDB7D}
	EndGlobalSection
EndGlobal
