
Microsoft Visual Studio Solution File, Format Version 12.00
# Visual Studio Version 16
VisualStudioVersion = 16.0.31624.102
MinimumVisualStudioVersion = 10.0.40219.1
Project("{8BC9CEB8-8B4A-11D0-8D11-00A0C91BC942}") = "pr.8.1iter", "pr.8.1iter\pr.8.1iter.vcxproj", "{88E6D53D-AB19-4EF1-B13F-3AD37EFC382B}"
EndProject
Project("{8BC9CEB8-8B4A-11D0-8D11-00A0C91BC942}") = "UnitTest8.1iter", "UnitTest8.1iter\UnitTest8.1iter.vcxproj", "{BE814227-F8F1-4FF3-A657-DDC2F03ACA37}"
EndProject
Global
	GlobalSection(SolutionConfigurationPlatforms) = preSolution
		Debug|x64 = Debug|x64
		Debug|x86 = Debug|x86
		Release|x64 = Release|x64
		Release|x86 = Release|x86
	EndGlobalSection
	GlobalSection(ProjectConfigurationPlatforms) = postSolution
		{88E6D53D-AB19-4EF1-B13F-3AD37EFC382B}.Debug|x64.ActiveCfg = Debug|x64
		{88E6D53D-AB19-4EF1-B13F-3AD37EFC382B}.Debug|x64.Build.0 = Debug|x64
		{88E6D53D-AB19-4EF1-B13F-3AD37EFC382B}.Debug|x86.ActiveCfg = Debug|Win32
		{88E6D53D-AB19-4EF1-B13F-3AD37EFC382B}.Debug|x86.Build.0 = Debug|Win32
		{88E6D53D-AB19-4EF1-B13F-3AD37EFC382B}.Release|x64.ActiveCfg = Release|x64
		{88E6D53D-AB19-4EF1-B13F-3AD37EFC382B}.Release|x64.Build.0 = Release|x64
		{88E6D53D-AB19-4EF1-B13F-3AD37EFC382B}.Release|x86.ActiveCfg = Release|Win32
		{88E6D53D-AB19-4EF1-B13F-3AD37EFC382B}.Release|x86.Build.0 = Release|Win32
		{BE814227-F8F1-4FF3-A657-DDC2F03ACA37}.Debug|x64.ActiveCfg = Debug|x64
		{BE814227-F8F1-4FF3-A657-DDC2F03ACA37}.Debug|x64.Build.0 = Debug|x64
		{BE814227-F8F1-4FF3-A657-DDC2F03ACA37}.Debug|x86.ActiveCfg = Debug|Win32
		{BE814227-F8F1-4FF3-A657-DDC2F03ACA37}.Debug|x86.Build.0 = Debug|Win32
		{BE814227-F8F1-4FF3-A657-DDC2F03ACA37}.Release|x64.ActiveCfg = Release|x64
		{BE814227-F8F1-4FF3-A657-DDC2F03ACA37}.Release|x64.Build.0 = Release|x64
		{BE814227-F8F1-4FF3-A657-DDC2F03ACA37}.Release|x86.ActiveCfg = Release|Win32
		{BE814227-F8F1-4FF3-A657-DDC2F03ACA37}.Release|x86.Build.0 = Release|Win32
	EndGlobalSection
	GlobalSection(SolutionProperties) = preSolution
		HideSolutionNode = FALSE
	EndGlobalSection
	GlobalSection(ExtensibilityGlobals) = postSolution
		SolutionGuid = {0FA21746-D4D6-409B-94FC-2D808E1049F5}
	EndGlobalSection
EndGlobal
